
Microsoft Visual Studio Solution File, Format Version 12.00
# Visual Studio Version 16
VisualStudioVersion = 16.0.810.20
MinimumVisualStudioVersion = 10.0.40219.1
Project("{FAE04EC0-301F-11D3-BF4B-00C04F79EFBC}") = "Assessment_AandC", "Assessment_AandC.csproj", "{2E74AA82-0BF5-457E-B3AE-37D833E29BD3}"
EndProject
Global
	GlobalSection(SolutionConfigurationPlatforms) = preSolution
		Debug|Any CPU = Debug|Any CPU
		Release|Any CPU = Release|Any CPU
	EndGlobalSection
	GlobalSection(ProjectConfigurationPlatforms) = postSolution
		{2E74AA82-0BF5-457E-B3AE-37D833E29BD3}.Debug|Any CPU.ActiveCfg = Debug|Any CPU
		{2E74AA82-0BF5-457E-B3AE-37D833E29BD3}.Debug|Any CPU.Build.0 = Debug|Any CPU
		{2E74AA82-0BF5-457E-B3AE-37D833E29BD3}.Release|Any CPU.ActiveCfg = Release|Any CPU
		{2E74AA82-0BF5-457E-B3AE-37D833E29BD3}.Release|Any CPU.Build.0 = Release|Any CPU
	EndGlobalSection
	GlobalSection(SolutionProperties) = preSolution
		HideSolutionNode = FALSE
	EndGlobalSection
	GlobalSection(ExtensibilityGlobals) = postSolution
		SolutionGuid = {5E3CC366-B18F-4EB0-84FA-C6C23C733AC0}
	EndGlobalSection
EndGlobal
